// !$*UTF8*$!
{
	archiveVersion = 1;
	classes = {
	};
	objectVersion = 46;
	objects = {

/* Begin PBXBuildFile section */
		1D2BB3B71C90920F0056A74F /* octopus.png in Resources */ = {isa = PBXBuildFile; fileRef = 1D2BB3B61C90920F0056A74F /* octopus.png */; };
		1D36E0761C9147470043948F /* Joystix.ttf in Resources */ = {isa = PBXBuildFile; fileRef = 1D36E0751C9147470043948F /* Joystix.ttf */; };
		1D36E0891C9147630043948F /* MXButton.m in Sources */ = {isa = PBXBuildFile; fileRef = 1D36E0791C9147630043948F /* MXButton.m */; };
		1D36E08A1C9147630043948F /* MXImageView.m in Sources */ = {isa = PBXBuildFile; fileRef = 1D36E07B1C9147630043948F /* MXImageView.m */; };
		1D36E08B1C9147630043948F /* MXLabel.m in Sources */ = {isa = PBXBuildFile; fileRef = 1D36E07D1C9147630043948F /* MXLabel.m */; };
		1D36E08C1C9147630043948F /* MXLocalizationManager.m in Sources */ = {isa = PBXBuildFile; fileRef = 1D36E07F1C9147630043948F /* MXLocalizationManager.m */; };
		1D36E08D1C9147630043948F /* MXUtils.m in Sources */ = {isa = PBXBuildFile; fileRef = 1D36E0821C9147630043948F /* MXUtils.m */; };
		1D36E08E1C9147630043948F /* UIColor+MX.m in Sources */ = {isa = PBXBuildFile; fileRef = 1D36E0841C9147630043948F /* UIColor+MX.m */; };
		1D36E08F1C9147630043948F /* UIImage+MX.m in Sources */ = {isa = PBXBuildFile; fileRef = 1D36E0861C9147630043948F /* UIImage+MX.m */; };
		1D36E0901C9147630043948F /* UIView+MX.m in Sources */ = {isa = PBXBuildFile; fileRef = 1D36E0881C9147630043948F /* UIView+MX.m */; };
		1D58F75D1C8D4F65006365EE /* MXMazeGenerator.m in Sources */ = {isa = PBXBuildFile; fileRef = 1D58F75C1C8D4F65006365EE /* MXMazeGenerator.m */; };
		1D7670361C7B5B050065F110 /* AppDelegate.m in Sources */ = {isa = PBXBuildFile; fileRef = 1D7670351C7B5B050065F110 /* AppDelegate.m */; };
		1D76703B1C7B5B050065F110 /* GameViewController.m in Sources */ = {isa = PBXBuildFile; fileRef = 1D76703A1C7B5B050065F110 /* GameViewController.m */; };
		1D76703E1C7B5B050065F110 /* Main.storyboard in Resources */ = {isa = PBXBuildFile; fileRef = 1D76703C1C7B5B050065F110 /* Main.storyboard */; };
		1D7670401C7B5B050065F110 /* Assets.xcassets in Resources */ = {isa = PBXBuildFile; fileRef = 1D76703F1C7B5B050065F110 /* Assets.xcassets */; };
		1D7670431C7B5B050065F110 /* LaunchScreen.storyboard in Resources */ = {isa = PBXBuildFile; fileRef = 1D7670411C7B5B050065F110 /* LaunchScreen.storyboard */; };
		1D7670501C7B5E0B0065F110 /* ZBrain_Walk_LefttoRight.png in Resources */ = {isa = PBXBuildFile; fileRef = 1D76704F1C7B5E0B0065F110 /* ZBrain_Walk_LefttoRight.png */; };
		1D82C3FA1C91A6A700969B3F /* wall.png in Resources */ = {isa = PBXBuildFile; fileRef = 1D82C3F91C91A6A700969B3F /* wall.png */; };
		1D9714801C921C7F001894CA /* GameSession.m in Sources */ = {isa = PBXBuildFile; fileRef = 1D97147F1C921C7F001894CA /* GameSession.m */; };
		1DDD42561C7C3B2A004E65D3 /* UIImage+sprite.m in Sources */ = {isa = PBXBuildFile; fileRef = 1DDD42551C7C3B2A004E65D3 /* UIImage+sprite.m */; };
		1DDD42581C7C3CDF004E65D3 /* GameViewController.xib in Resources */ = {isa = PBXBuildFile; fileRef = 1DDD42571C7C3CDF004E65D3 /* GameViewController.xib */; };
/* End PBXBuildFile section */

/* Begin PBXFileReference section */
		1D2BB3B61C90920F0056A74F /* octopus.png */ = {isa = PBXFileReference; lastKnownFileType = image.png; name = octopus.png; path = Resources/octopus.png; sourceTree = "<group>"; };
		1D36E0751C9147470043948F /* Joystix.ttf */ = {isa = PBXFileReference; lastKnownFileType = file; name = Joystix.ttf; path = Resources/Joystix.ttf; sourceTree = "<group>"; };
		1D36E0781C9147630043948F /* MXButton.h */ = {isa = PBXFileReference; fileEncoding = 4; lastKnownFileType = sourcecode.c.h; name = MXButton.h; path = Sources/MXToolBox/MXButton.h; sourceTree = "<group>"; };
		1D36E0791C9147630043948F /* MXButton.m */ = {isa = PBXFileReference; fileEncoding = 4; lastKnownFileType = sourcecode.c.objc; name = MXButton.m; path = Sources/MXToolBox/MXButton.m; sourceTree = "<group>"; };
		1D36E07A1C9147630043948F /* MXImageView.h */ = {isa = PBXFileReference; fileEncoding = 4; lastKnownFileType = sourcecode.c.h; name = MXImageView.h; path = Sources/MXToolBox/MXImageView.h; sourceTree = "<group>"; };
		1D36E07B1C9147630043948F /* MXImageView.m */ = {isa = PBXFileReference; fileEncoding = 4; lastKnownFileType = sourcecode.c.objc; name = MXImageView.m; path = Sources/MXToolBox/MXImageView.m; sourceTree = "<group>"; };
		1D36E07C1C9147630043948F /* MXLabel.h */ = {isa = PBXFileReference; fileEncoding = 4; lastKnownFileType = sourcecode.c.h; name = MXLabel.h; path = Sources/MXToolBox/MXLabel.h; sourceTree = "<group>"; };
		1D36E07D1C9147630043948F /* MXLabel.m */ = {isa = PBXFileReference; fileEncoding = 4; lastKnownFileType = sourcecode.c.objc; name = MXLabel.m; path = Sources/MXToolBox/MXLabel.m; sourceTree = "<group>"; };
		1D36E07E1C9147630043948F /* MXLocalizationManager.h */ = {isa = PBXFileReference; fileEncoding = 4; lastKnownFileType = sourcecode.c.h; name = MXLocalizationManager.h; path = Sources/MXToolBox/MXLocalizationManager.h; sourceTree = "<group>"; };
		1D36E07F1C9147630043948F /* MXLocalizationManager.m */ = {isa = PBXFileReference; fileEncoding = 4; lastKnownFileType = sourcecode.c.objc; name = MXLocalizationManager.m; path = Sources/MXToolBox/MXLocalizationManager.m; sourceTree = "<group>"; };
		1D36E0801C9147630043948F /* MXToolBox.h */ = {isa = PBXFileReference; fileEncoding = 4; lastKnownFileType = sourcecode.c.h; name = MXToolBox.h; path = Sources/MXToolBox/MXToolBox.h; sourceTree = "<group>"; };
		1D36E0811C9147630043948F /* MXUtils.h */ = {isa = PBXFileReference; fileEncoding = 4; lastKnownFileType = sourcecode.c.h; name = MXUtils.h; path = Sources/MXToolBox/MXUtils.h; sourceTree = "<group>"; };
		1D36E0821C9147630043948F /* MXUtils.m */ = {isa = PBXFileReference; fileEncoding = 4; lastKnownFileType = sourcecode.c.objc; name = MXUtils.m; path = Sources/MXToolBox/MXUtils.m; sourceTree = "<group>"; };
		1D36E0831C9147630043948F /* UIColor+MX.h */ = {isa = PBXFileReference; fileEncoding = 4; lastKnownFileType = sourcecode.c.h; name = "UIColor+MX.h"; path = "Sources/MXToolBox/UIColor+MX.h"; sourceTree = "<group>"; };
		1D36E0841C9147630043948F /* UIColor+MX.m */ = {isa = PBXFileReference; fileEncoding = 4; lastKnownFileType = sourcecode.c.objc; name = "UIColor+MX.m"; path = "Sources/MXToolBox/UIColor+MX.m"; sourceTree = "<group>"; };
		1D36E0851C9147630043948F /* UIImage+MX.h */ = {isa = PBXFileReference; fileEncoding = 4; lastKnownFileType = sourcecode.c.h; name = "UIImage+MX.h"; path = "Sources/MXToolBox/UIImage+MX.h"; sourceTree = "<group>"; };
		1D36E0861C9147630043948F /* UIImage+MX.m */ = {isa = PBXFileReference; fileEncoding = 4; lastKnownFileType = sourcecode.c.objc; name = "UIImage+MX.m"; path = "Sources/MXToolBox/UIImage+MX.m"; sourceTree = "<group>"; };
		1D36E0871C9147630043948F /* UIView+MX.h */ = {isa = PBXFileReference; fileEncoding = 4; lastKnownFileType = sourcecode.c.h; name = "UIView+MX.h"; path = "Sources/MXToolBox/UIView+MX.h"; sourceTree = "<group>"; };
		1D36E0881C9147630043948F /* UIView+MX.m */ = {isa = PBXFileReference; fileEncoding = 4; lastKnownFileType = sourcecode.c.objc; name = "UIView+MX.m"; path = "Sources/MXToolBox/UIView+MX.m"; sourceTree = "<group>"; };
		1D58F75B1C8D4F65006365EE /* MXMazeGenerator.h */ = {isa = PBXFileReference; fileEncoding = 4; lastKnownFileType = sourcecode.c.h; name = MXMazeGenerator.h; path = Sources/MXMazeGenerator.h; sourceTree = "<group>"; };
		1D58F75C1C8D4F65006365EE /* MXMazeGenerator.m */ = {isa = PBXFileReference; fileEncoding = 4; lastKnownFileType = sourcecode.c.objc; name = MXMazeGenerator.m; path = Sources/MXMazeGenerator.m; sourceTree = "<group>"; };
		1D76702E1C7B5B050065F110 /* Psynaut.app */ = {isa = PBXFileReference; explicitFileType = wrapper.application; includeInIndex = 0; path = Psynaut.app; sourceTree = BUILT_PRODUCTS_DIR; };
		1D7670341C7B5B050065F110 /* AppDelegate.h */ = {isa = PBXFileReference; lastKnownFileType = sourcecode.c.h; path = AppDelegate.h; sourceTree = "<group>"; };
		1D7670351C7B5B050065F110 /* AppDelegate.m */ = {isa = PBXFileReference; lastKnownFileType = sourcecode.c.objc; path = AppDelegate.m; sourceTree = "<group>"; };
		1D7670391C7B5B050065F110 /* GameViewController.h */ = {isa = PBXFileReference; lastKnownFileType = sourcecode.c.h; path = GameViewController.h; sourceTree = "<group>"; };
		1D76703A1C7B5B050065F110 /* GameViewController.m */ = {isa = PBXFileReference; lastKnownFileType = sourcecode.c.objc; path = GameViewController.m; sourceTree = "<group>"; };
		1D76703D1C7B5B050065F110 /* Base */ = {isa = PBXFileReference; lastKnownFileType = file.storyboard; name = Base; path = Base.lproj/Main.storyboard; sourceTree = "<group>"; };
		1D76703F1C7B5B050065F110 /* Assets.xcassets */ = {isa = PBXFileReference; lastKnownFileType = folder.assetcatalog; path = Assets.xcassets; sourceTree = "<group>"; };
		1D7670421C7B5B050065F110 /* Base */ = {isa = PBXFileReference; lastKnownFileType = file.storyboard; name = Base; path = Base.lproj/LaunchScreen.storyboard; sourceTree = "<group>"; };
		1D7670441C7B5B050065F110 /* Info.plist */ = {isa = PBXFileReference; lastKnownFileType = text.plist.xml; path = Info.plist; sourceTree = "<group>"; };
		1D76704F1C7B5E0B0065F110 /* ZBrain_Walk_LefttoRight.png */ = {isa = PBXFileReference; lastKnownFileType = image.png; name = ZBrain_Walk_LefttoRight.png; path = Resources/ZBrain_Walk_LefttoRight.png; sourceTree = "<group>"; };
		1D82C3F91C91A6A700969B3F /* wall.png */ = {isa = PBXFileReference; lastKnownFileType = image.png; name = wall.png; path = Resources/wall.png; sourceTree = "<group>"; };
		1D97147E1C921C7F001894CA /* GameSession.h */ = {isa = PBXFileReference; fileEncoding = 4; lastKnownFileType = sourcecode.c.h; name = GameSession.h; path = Sources/GameSession.h; sourceTree = "<group>"; };
		1D97147F1C921C7F001894CA /* GameSession.m */ = {isa = PBXFileReference; fileEncoding = 4; lastKnownFileType = sourcecode.c.objc; name = GameSession.m; path = Sources/GameSession.m; sourceTree = "<group>"; };
		1DDD42541C7C3B2A004E65D3 /* UIImage+sprite.h */ = {isa = PBXFileReference; fileEncoding = 4; lastKnownFileType = sourcecode.c.h; name = "UIImage+sprite.h"; path = "Sources/UIImage+sprite.h"; sourceTree = "<group>"; };
		1DDD42551C7C3B2A004E65D3 /* UIImage+sprite.m */ = {isa = PBXFileReference; fileEncoding = 4; lastKnownFileType = sourcecode.c.objc; name = "UIImage+sprite.m"; path = "Sources/UIImage+sprite.m"; sourceTree = "<group>"; };
		1DDD42571C7C3CDF004E65D3 /* GameViewController.xib */ = {isa = PBXFileReference; fileEncoding = 4; lastKnownFileType = file.xib; name = GameViewController.xib; path = Sources/GameViewController.xib; sourceTree = "<group>"; };
/* End PBXFileReference section */

/* Begin PBXFrameworksBuildPhase section */
		1D76702B1C7B5B050065F110 /* Frameworks */ = {
			isa = PBXFrameworksBuildPhase;
			buildActionMask = 2147483647;
			files = (
			);
			runOnlyForDeploymentPostprocessing = 0;
		};
/* End PBXFrameworksBuildPhase section */

/* Begin PBXGroup section */
		1D36E0741C91473A0043948F /* Fonts */ = {
			isa = PBXGroup;
			children = (
				1D36E0751C9147470043948F /* Joystix.ttf */,
			);
			name = Fonts;
			sourceTree = "<group>";
		};
		1D36E0771C9147500043948F /* MXToolBox */ = {
			isa = PBXGroup;
			children = (
				1D36E0801C9147630043948F /* MXToolBox.h */,
				1D36E07C1C9147630043948F /* MXLabel.h */,
				1D36E07D1C9147630043948F /* MXLabel.m */,
				1D36E0781C9147630043948F /* MXButton.h */,
				1D36E0791C9147630043948F /* MXButton.m */,
				1D36E07A1C9147630043948F /* MXImageView.h */,
				1D36E07B1C9147630043948F /* MXImageView.m */,
				1D36E0811C9147630043948F /* MXUtils.h */,
				1D36E0821C9147630043948F /* MXUtils.m */,
				1D36E07E1C9147630043948F /* MXLocalizationManager.h */,
				1D36E07F1C9147630043948F /* MXLocalizationManager.m */,
				1D36E0831C9147630043948F /* UIColor+MX.h */,
				1D36E0841C9147630043948F /* UIColor+MX.m */,
				1D36E0851C9147630043948F /* UIImage+MX.h */,
				1D36E0861C9147630043948F /* UIImage+MX.m */,
				1D36E0871C9147630043948F /* UIView+MX.h */,
				1D36E0881C9147630043948F /* UIView+MX.m */,
			);
			name = MXToolBox;
			sourceTree = "<group>";
		};
		1D58F75A1C8D4F57006365EE /* Maze */ = {
			isa = PBXGroup;
			children = (
				1D58F75B1C8D4F65006365EE /* MXMazeGenerator.h */,
				1D58F75C1C8D4F65006365EE /* MXMazeGenerator.m */,
			);
			name = Maze;
			sourceTree = "<group>";
		};
		1D7670251C7B5B050065F110 = {
			isa = PBXGroup;
			children = (
				1D7670301C7B5B050065F110 /* Psynaut */,
				1D76702F1C7B5B050065F110 /* Products */,
			);
			sourceTree = "<group>";
		};
		1D76702F1C7B5B050065F110 /* Products */ = {
			isa = PBXGroup;
			children = (
				1D76702E1C7B5B050065F110 /* Psynaut.app */,
			);
			name = Products;
			sourceTree = "<group>";
		};
		1D7670301C7B5B050065F110 /* Psynaut */ = {
			isa = PBXGroup;
			children = (
				1D76704B1C7B5C3A0065F110 /* Sources */,
				1D7670311C7B5B050065F110 /* Resources */,
			);
			name = Psynaut;
			path = PsyNaut;
			sourceTree = "<group>";
		};
		1D7670311C7B5B050065F110 /* Resources */ = {
			isa = PBXGroup;
			children = (
				1D7670441C7B5B050065F110 /* Info.plist */,
				1D76703F1C7B5B050065F110 /* Assets.xcassets */,
				1D7670411C7B5B050065F110 /* LaunchScreen.storyboard */,
				1D36E0741C91473A0043948F /* Fonts */,
				1D7670511C7B5E0E0065F110 /* images */,
			);
			name = Resources;
			sourceTree = "<group>";
		};
		1D76704A1C7B5C2A0065F110 /* Gameplay */ = {
			isa = PBXGroup;
			children = (
				1D97147D1C921C05001894CA /* GameSession */,
				1D58F75A1C8D4F57006365EE /* Maze */,
				1D9A0C651C940F5900C9CD30 /* Enemy */,
			);
			name = Gameplay;
			sourceTree = "<group>";
		};
		1D76704B1C7B5C3A0065F110 /* Sources */ = {
			isa = PBXGroup;
			children = (
				1D36E0771C9147500043948F /* MXToolBox */,
				1D76704C1C7B5C530065F110 /* Engine */,
				1D76704A1C7B5C2A0065F110 /* Gameplay */,
				1D76704D1C7B5C590065F110 /* Gui */,
				1D76704E1C7B5C620065F110 /* Main */,
			);
			name = Sources;
			sourceTree = "<group>";
		};
		1D76704C1C7B5C530065F110 /* Engine */ = {
			isa = PBXGroup;
			children = (
				1DDD42541C7C3B2A004E65D3 /* UIImage+sprite.h */,
				1DDD42551C7C3B2A004E65D3 /* UIImage+sprite.m */,
			);
			name = Engine;
			sourceTree = "<group>";
		};
		1D76704D1C7B5C590065F110 /* Gui */ = {
			isa = PBXGroup;
			children = (
				1D7670391C7B5B050065F110 /* GameViewController.h */,
				1D76703A1C7B5B050065F110 /* GameViewController.m */,
				1DDD42571C7C3CDF004E65D3 /* GameViewController.xib */,
			);
			name = Gui;
			sourceTree = "<group>";
		};
		1D76704E1C7B5C620065F110 /* Main */ = {
			isa = PBXGroup;
			children = (
				1D7670341C7B5B050065F110 /* AppDelegate.h */,
				1D7670351C7B5B050065F110 /* AppDelegate.m */,
				1D76703C1C7B5B050065F110 /* Main.storyboard */,
			);
			name = Main;
			sourceTree = "<group>";
		};
		1D7670511C7B5E0E0065F110 /* images */ = {
			isa = PBXGroup;
			children = (
				1D82C3F91C91A6A700969B3F /* wall.png */,
				1D2BB3B61C90920F0056A74F /* octopus.png */,
				1D76704F1C7B5E0B0065F110 /* ZBrain_Walk_LefttoRight.png */,
			);
			name = images;
			sourceTree = "<group>";
		};
		1D97147D1C921C05001894CA /* GameSession */ = {
			isa = PBXGroup;
			children = (
				1D97147E1C921C7F001894CA /* GameSession.h */,
				1D97147F1C921C7F001894CA /* GameSession.m */,
			);
			name = GameSession;
			sourceTree = "<group>";
		};
		1D9A0C651C940F5900C9CD30 /* Enemy */ = {
			isa = PBXGroup;
			children = (
			);
			name = Enemy;
			sourceTree = "<group>";
		};
/* End PBXGroup section */

/* Begin PBXNativeTarget section */
		1D76702D1C7B5B050065F110 /* Psynaut */ = {
			isa = PBXNativeTarget;
			buildConfigurationList = 1D7670471C7B5B050065F110 /* Build configuration list for PBXNativeTarget "Psynaut" */;
			buildPhases = (
				1D76702A1C7B5B050065F110 /* Sources */,
				1D76702B1C7B5B050065F110 /* Frameworks */,
				1D76702C1C7B5B050065F110 /* Resources */,
			);
			buildRules = (
			);
			dependencies = (
			);
			name = Psynaut;
			productName = PsyNaut;
			productReference = 1D76702E1C7B5B050065F110 /* Psynaut.app */;
			productType = "com.apple.product-type.application";
		};
/* End PBXNativeTarget section */

/* Begin PBXProject section */
		1D7670261C7B5B050065F110 /* Project object */ = {
			isa = PBXProject;
			attributes = {
				LastUpgradeCheck = 0720;
				ORGANIZATIONNAME = mugx;
				TargetAttributes = {
					1D76702D1C7B5B050065F110 = {
						CreatedOnToolsVersion = 7.2.1;
					};
				};
			};
			buildConfigurationList = 1D7670291C7B5B050065F110 /* Build configuration list for PBXProject "Psynaut" */;
			compatibilityVersion = "Xcode 3.2";
			developmentRegion = English;
			hasScannedForEncodings = 0;
			knownRegions = (
				en,
				Base,
			);
			mainGroup = 1D7670251C7B5B050065F110;
			productRefGroup = 1D76702F1C7B5B050065F110 /* Products */;
			projectDirPath = "";
			projectRoot = "";
			targets = (
				1D76702D1C7B5B050065F110 /* Psynaut */,
			);
		};
/* End PBXProject section */

/* Begin PBXResourcesBuildPhase section */
		1D76702C1C7B5B050065F110 /* Resources */ = {
			isa = PBXResourcesBuildPhase;
			buildActionMask = 2147483647;
			files = (
				1D7670431C7B5B050065F110 /* LaunchScreen.storyboard in Resources */,
				1D82C3FA1C91A6A700969B3F /* wall.png in Resources */,
				1D2BB3B71C90920F0056A74F /* octopus.png in Resources */,
				1D7670501C7B5E0B0065F110 /* ZBrain_Walk_LefttoRight.png in Resources */,
				1D7670401C7B5B050065F110 /* Assets.xcassets in Resources */,
				1D76703E1C7B5B050065F110 /* Main.storyboard in Resources */,
				1DDD42581C7C3CDF004E65D3 /* GameViewController.xib in Resources */,
				1D36E0761C9147470043948F /* Joystix.ttf in Resources */,
			);
			runOnlyForDeploymentPostprocessing = 0;
		};
/* End PBXResourcesBuildPhase section */

/* Begin PBXSourcesBuildPhase section */
		1D76702A1C7B5B050065F110 /* Sources */ = {
			isa = PBXSourcesBuildPhase;
			buildActionMask = 2147483647;
			files = (
				1DDD42561C7C3B2A004E65D3 /* UIImage+sprite.m in Sources */,
				1D58F75D1C8D4F65006365EE /* MXMazeGenerator.m in Sources */,
				1D7670361C7B5B050065F110 /* AppDelegate.m in Sources */,
				1D36E08C1C9147630043948F /* MXLocalizationManager.m in Sources */,
				1D76703B1C7B5B050065F110 /* GameViewController.m in Sources */,
				1D36E0891C9147630043948F /* MXButton.m in Sources */,
				1D36E08B1C9147630043948F /* MXLabel.m in Sources */,
				1D36E0901C9147630043948F /* UIView+MX.m in Sources */,
				1D36E08D1C9147630043948F /* MXUtils.m in Sources */,
				1D36E08E1C9147630043948F /* UIColor+MX.m in Sources */,
				1D36E08F1C9147630043948F /* UIImage+MX.m in Sources */,
				1D36E08A1C9147630043948F /* MXImageView.m in Sources */,
				1D9714801C921C7F001894CA /* GameSession.m in Sources */,
			);
			runOnlyForDeploymentPostprocessing = 0;
		};
/* End PBXSourcesBuildPhase section */

/* Begin PBXVariantGroup section */
		1D76703C1C7B5B050065F110 /* Main.storyboard */ = {
			isa = PBXVariantGroup;
			children = (
				1D76703D1C7B5B050065F110 /* Base */,
			);
			name = Main.storyboard;
			sourceTree = "<group>";
		};
		1D7670411C7B5B050065F110 /* LaunchScreen.storyboard */ = {
			isa = PBXVariantGroup;
			children = (
				1D7670421C7B5B050065F110 /* Base */,
			);
			name = LaunchScreen.storyboard;
			sourceTree = "<group>";
		};
/* End PBXVariantGroup section */

/* Begin XCBuildConfiguration section */
		1D7670451C7B5B050065F110 /* Debug */ = {
			isa = XCBuildConfiguration;
			buildSettings = {
				ALWAYS_SEARCH_USER_PATHS = NO;
				CLANG_CXX_LANGUAGE_STANDARD = "gnu++0x";
				CLANG_CXX_LIBRARY = "libc++";
				CLANG_ENABLE_MODULES = YES;
				CLANG_ENABLE_OBJC_ARC = YES;
				CLANG_WARN_BOOL_CONVERSION = YES;
				CLANG_WARN_CONSTANT_CONVERSION = YES;
				CLANG_WARN_DIRECT_OBJC_ISA_USAGE = YES_ERROR;
				CLANG_WARN_EMPTY_BODY = YES;
				CLANG_WARN_ENUM_CONVERSION = YES;
				CLANG_WARN_INT_CONVERSION = YES;
				CLANG_WARN_OBJC_ROOT_CLASS = YES_ERROR;
				CLANG_WARN_UNREACHABLE_CODE = YES;
				CLANG_WARN__DUPLICATE_METHOD_MATCH = YES;
				"CODE_SIGN_IDENTITY[sdk=iphoneos*]" = "iPhone Developer";
				COPY_PHASE_STRIP = NO;
				DEBUG_INFORMATION_FORMAT = "dwarf-with-dsym";
				ENABLE_STRICT_OBJC_MSGSEND = YES;
				ENABLE_TESTABILITY = YES;
				GCC_C_LANGUAGE_STANDARD = gnu99;
				GCC_DYNAMIC_NO_PIC = NO;
				GCC_NO_COMMON_BLOCKS = YES;
				GCC_OPTIMIZATION_LEVEL = 0;
				GCC_PREPROCESSOR_DEFINITIONS = (
					"DEBUG=1",
					"$(inherited)",
				);
				GCC_WARN_64_TO_32_BIT_CONVERSION = YES;
				GCC_WARN_ABOUT_RETURN_TYPE = YES_ERROR;
				GCC_WARN_UNDECLARED_SELECTOR = YES;
				GCC_WARN_UNINITIALIZED_AUTOS = YES_AGGRESSIVE;
				GCC_WARN_UNUSED_FUNCTION = YES;
				GCC_WARN_UNUSED_VARIABLE = YES;
				IPHONEOS_DEPLOYMENT_TARGET = 9.2;
				MTL_ENABLE_DEBUG_INFO = YES;
				ONLY_ACTIVE_ARCH = YES;
				SDKROOT = iphoneos;
				TARGETED_DEVICE_FAMILY = "1,2";
			};
			name = Debug;
		};
		1D7670461C7B5B050065F110 /* Release */ = {
			isa = XCBuildConfiguration;
			buildSettings = {
				ALWAYS_SEARCH_USER_PATHS = NO;
				CLANG_CXX_LANGUAGE_STANDARD = "gnu++0x";
				CLANG_CXX_LIBRARY = "libc++";
				CLANG_ENABLE_MODULES = YES;
				CLANG_ENABLE_OBJC_ARC = YES;
				CLANG_WARN_BOOL_CONVERSION = YES;
				CLANG_WARN_CONSTANT_CONVERSION = YES;
				CLANG_WARN_DIRECT_OBJC_ISA_USAGE = YES_ERROR;
				CLANG_WARN_EMPTY_BODY = YES;
				CLANG_WARN_ENUM_CONVERSION = YES;
				CLANG_WARN_INT_CONVERSION = YES;
				CLANG_WARN_OBJC_ROOT_CLASS = YES_ERROR;
				CLANG_WARN_UNREACHABLE_CODE = YES;
				CLANG_WARN__DUPLICATE_METHOD_MATCH = YES;
				"CODE_SIGN_IDENTITY[sdk=iphoneos*]" = "iPhone Developer";
				COPY_PHASE_STRIP = NO;
				DEBUG_INFORMATION_FORMAT = "dwarf-with-dsym";
				ENABLE_NS_ASSERTIONS = NO;
				ENABLE_STRICT_OBJC_MSGSEND = YES;
				GCC_C_LANGUAGE_STANDARD = gnu99;
				GCC_NO_COMMON_BLOCKS = YES;
				GCC_WARN_64_TO_32_BIT_CONVERSION = YES;
				GCC_WARN_ABOUT_RETURN_TYPE = YES_ERROR;
				GCC_WARN_UNDECLARED_SELECTOR = YES;
				GCC_WARN_UNINITIALIZED_AUTOS = YES_AGGRESSIVE;
				GCC_WARN_UNUSED_FUNCTION = YES;
				GCC_WARN_UNUSED_VARIABLE = YES;
				IPHONEOS_DEPLOYMENT_TARGET = 9.2;
				MTL_ENABLE_DEBUG_INFO = NO;
				SDKROOT = iphoneos;
				TARGETED_DEVICE_FAMILY = "1,2";
				VALIDATE_PRODUCT = YES;
			};
			name = Release;
		};
		1D7670481C7B5B050065F110 /* Debug */ = {
			isa = XCBuildConfiguration;
			buildSettings = {
				ASSETCATALOG_COMPILER_APPICON_NAME = AppIcon;
				INFOPLIST_FILE = Psynaut/Info.plist;
				IPHONEOS_DEPLOYMENT_TARGET = 8.0;
				LD_RUNPATH_SEARCH_PATHS = "$(inherited) @executable_path/Frameworks";
				PRODUCT_BUNDLE_IDENTIFIER = mugx.Psynaut;
				PRODUCT_NAME = Psynaut;
			};
			name = Debug;
		};
		1D7670491C7B5B050065F110 /* Release */ = {
			isa = XCBuildConfiguration;
			buildSettings = {
				ASSETCATALOG_COMPILER_APPICON_NAME = AppIcon;
				INFOPLIST_FILE = Psynaut/Info.plist;
				IPHONEOS_DEPLOYMENT_TARGET = 8.0;
				LD_RUNPATH_SEARCH_PATHS = "$(inherited) @executable_path/Frameworks";
				PRODUCT_BUNDLE_IDENTIFIER = mugx.Psynaut;
				PRODUCT_NAME = Psynaut;
			};
			name = Release;
		};
/* End XCBuildConfiguration section */

/* Begin XCConfigurationList section */
		1D7670291C7B5B050065F110 /* Build configuration list for PBXProject "Psynaut" */ = {
			isa = XCConfigurationList;
			buildConfigurations = (
				1D7670451C7B5B050065F110 /* Debug */,
				1D7670461C7B5B050065F110 /* Release */,
			);
			defaultConfigurationIsVisible = 0;
			defaultConfigurationName = Release;
		};
		1D7670471C7B5B050065F110 /* Build configuration list for PBXNativeTarget "Psynaut" */ = {
			isa = XCConfigurationList;
			buildConfigurations = (
				1D7670481C7B5B050065F110 /* Debug */,
				1D7670491C7B5B050065F110 /* Release */,
			);
			defaultConfigurationIsVisible = 0;
			defaultConfigurationName = Release;
		};
/* End XCConfigurationList section */
	};
	rootObject = 1D7670261C7B5B050065F110 /* Project object */;
}
