// !$*UTF8*$!
{
	archiveVersion = 1;
	classes = {
	};
	objectVersion = 46;
	objects = {

/* Begin PBXBuildFile section */
		1D1F1C991C9A7EF60020570D /* coin.png in Resources */ = {isa = PBXBuildFile; fileRef = 1D1F1C981C9A7EF60020570D /* coin.png */; };
		1D1F1CA01C9A80FC0020570D /* PNPlayer.m in Sources */ = {isa = PBXBuildFile; fileRef = 1D1F1C9F1C9A80FC0020570D /* PNPlayer.m */; };
		1D339D7B1C9C4F43005124AE /* 1024x1024.png in Resources */ = {isa = PBXBuildFile; fileRef = 1D9C61241C993207002B258C /* 1024x1024.png */; };
		1D36E0761C9147470043948F /* Joystix.ttf in Resources */ = {isa = PBXBuildFile; fileRef = 1D36E0751C9147470043948F /* Joystix.ttf */; };
		1D36E0891C9147630043948F /* MXButton.m in Sources */ = {isa = PBXBuildFile; fileRef = 1D36E0791C9147630043948F /* MXButton.m */; };
		1D36E08A1C9147630043948F /* MXImageView.m in Sources */ = {isa = PBXBuildFile; fileRef = 1D36E07B1C9147630043948F /* MXImageView.m */; };
		1D36E08B1C9147630043948F /* MXLabel.m in Sources */ = {isa = PBXBuildFile; fileRef = 1D36E07D1C9147630043948F /* MXLabel.m */; };
		1D36E08C1C9147630043948F /* MXLocalizationManager.m in Sources */ = {isa = PBXBuildFile; fileRef = 1D36E07F1C9147630043948F /* MXLocalizationManager.m */; };
		1D36E08D1C9147630043948F /* MXUtils.m in Sources */ = {isa = PBXBuildFile; fileRef = 1D36E0821C9147630043948F /* MXUtils.m */; };
		1D36E08E1C9147630043948F /* UIColor+MX.m in Sources */ = {isa = PBXBuildFile; fileRef = 1D36E0841C9147630043948F /* UIColor+MX.m */; };
		1D36E08F1C9147630043948F /* UIImage+MX.m in Sources */ = {isa = PBXBuildFile; fileRef = 1D36E0861C9147630043948F /* UIImage+MX.m */; };
		1D36E0901C9147630043948F /* UIView+MX.m in Sources */ = {isa = PBXBuildFile; fileRef = 1D36E0881C9147630043948F /* UIView+MX.m */; };
		1D47026D1CA581C900EF2BBB /* soundGame.caf in Resources */ = {isa = PBXBuildFile; fileRef = 1D4702591CA581BC00EF2BBB /* soundGame.caf */; };
		1D47026E1CA581C900EF2BBB /* soundLevelChange.caf in Resources */ = {isa = PBXBuildFile; fileRef = 1D47025C1CA581BC00EF2BBB /* soundLevelChange.caf */; };
		1D47026F1CA581C900EF2BBB /* soundSelectItem.caf in Resources */ = {isa = PBXBuildFile; fileRef = 1D47025D1CA581BC00EF2BBB /* soundSelectItem.caf */; };
		1D4702701CA581C900EF2BBB /* soundStartGame.caf in Resources */ = {isa = PBXBuildFile; fileRef = 1D47025E1CA581BC00EF2BBB /* soundStartGame.caf */; };
		1D4702711CA581C900EF2BBB /* soundHitBomb.caf in Resources */ = {isa = PBXBuildFile; fileRef = 1D47025F1CA581BC00EF2BBB /* soundHitBomb.caf */; };
		1D4702721CA581C900EF2BBB /* soundHitTimeBonus.caf in Resources */ = {isa = PBXBuildFile; fileRef = 1D4702601CA581BC00EF2BBB /* soundHitTimeBonus.caf */; };
		1D4702731CA581C900EF2BBB /* soundTimeOver.caf in Resources */ = {isa = PBXBuildFile; fileRef = 1D4702611CA581BC00EF2BBB /* soundTimeOver.caf */; };
		1D4702741CA581C900EF2BBB /* soundHitWhirlwind.caf in Resources */ = {isa = PBXBuildFile; fileRef = 1D4702621CA581BC00EF2BBB /* soundHitWhirlwind.caf */; };
		1D4702751CA581C900EF2BBB /* soundHitCoin.caf in Resources */ = {isa = PBXBuildFile; fileRef = 1D1F1C9B1C9A80AA0020570D /* soundHitCoin.caf */; };
		1D4702761CA581C900EF2BBB /* soundGameOver.caf in Resources */ = {isa = PBXBuildFile; fileRef = 1D676D931CA486B9004DD4FB /* soundGameOver.caf */; };
		1D4702781CA5947D00EF2BBB /* enemy2.png in Resources */ = {isa = PBXBuildFile; fileRef = 1D4702771CA5947D00EF2BBB /* enemy2.png */; };
		1D47027A1CA5A3A300EF2BBB /* minion.png in Resources */ = {isa = PBXBuildFile; fileRef = 1D4702791CA5A3A300EF2BBB /* minion.png */; };
		1D492DF71CA5712700C515B5 /* Localizable.strings in Resources */ = {isa = PBXBuildFile; fileRef = 1D492DF91CA5712700C515B5 /* Localizable.strings */; };
		1D492E001CA5723000C515B5 /* PNMenuViewController.m in Sources */ = {isa = PBXBuildFile; fileRef = 1D492DFE1CA5723000C515B5 /* PNMenuViewController.m */; };
		1D492E011CA5723000C515B5 /* PNMenuViewController.xib in Resources */ = {isa = PBXBuildFile; fileRef = 1D492DFF1CA5723000C515B5 /* PNMenuViewController.xib */; };
		1D492E041CA5729B00C515B5 /* MXGameCenterManager.m in Sources */ = {isa = PBXBuildFile; fileRef = 1D492E031CA5729B00C515B5 /* MXGameCenterManager.m */; };
		1D58F75D1C8D4F65006365EE /* PNMazeGenerator.m in Sources */ = {isa = PBXBuildFile; fileRef = 1D58F75C1C8D4F65006365EE /* PNMazeGenerator.m */; };
		1D5CCF371CA6748700AE8AF5 /* GameKit.framework in Frameworks */ = {isa = PBXBuildFile; fileRef = 1D5CCF361CA6748700AE8AF5 /* GameKit.framework */; };
		1D90C50E1CC0CCB000B256AE /* PNTile+AI.m in Sources */ = {isa = PBXBuildFile; fileRef = 1D90C50D1CC0CCB000B256AE /* PNTile+AI.m */; };
		1D9714801C921C7F001894CA /* PNGameSession.m in Sources */ = {isa = PBXBuildFile; fileRef = 1D97147F1C921C7F001894CA /* PNGameSession.m */; };
		1D98C7D11C9AD71000161EB2 /* MXAudioManager.framework in Frameworks */ = {isa = PBXBuildFile; fileRef = 1D98C7CF1C9AD68900161EB2 /* MXAudioManager.framework */; };
		1D98C7D21C9AD71000161EB2 /* MXAudioManager.framework in Embed Frameworks */ = {isa = PBXBuildFile; fileRef = 1D98C7CF1C9AD68900161EB2 /* MXAudioManager.framework */; settings = {ATTRIBUTES = (CodeSignOnCopy, RemoveHeadersOnCopy, ); }; };
		1D9CB57B1C9A1CAB002B52AD /* PNItem.m in Sources */ = {isa = PBXBuildFile; fileRef = 1D9CB57A1C9A1CAB002B52AD /* PNItem.m */; };
		1D9CB5801C9A1CCE002B52AD /* PNAppDelegate.m in Sources */ = {isa = PBXBuildFile; fileRef = 1D9CB57D1C9A1CCE002B52AD /* PNAppDelegate.m */; };
		1D9CB5811C9A1CCE002B52AD /* PNGameViewController.m in Sources */ = {isa = PBXBuildFile; fileRef = 1D9CB57F1C9A1CCE002B52AD /* PNGameViewController.m */; };
		1D9CB5851C9A1D20002B52AD /* Assets.xcassets in Resources */ = {isa = PBXBuildFile; fileRef = 1D9CB5841C9A1D20002B52AD /* Assets.xcassets */; };
		1D9CB58C1C9A1D30002B52AD /* wall.png in Resources */ = {isa = PBXBuildFile; fileRef = 1D9CB5881C9A1D30002B52AD /* wall.png */; };
		1D9CB58F1C9A1D3F002B52AD /* LaunchScreen.storyboard in Resources */ = {isa = PBXBuildFile; fileRef = 1D9CB58E1C9A1D3F002B52AD /* LaunchScreen.storyboard */; };
		1DAA90F81CB81957004D5A70 /* UIImageView+MX.m in Sources */ = {isa = PBXBuildFile; fileRef = 1DAA90F71CB81957004D5A70 /* UIImageView+MX.m */; };
		1DCC5D2C1CBADDCF003CF0ED /* door.png in Resources */ = {isa = PBXBuildFile; fileRef = 1DCC5D2B1CBADDCF003CF0ED /* door.png */; };
		1DCC5D2E1CBAEEE4003CF0ED /* whirlwind.png in Resources */ = {isa = PBXBuildFile; fileRef = 1DCC5D2D1CBAEEE4003CF0ED /* whirlwind.png */; };
		1DCC5D301CBAF286003CF0ED /* bomb.png in Resources */ = {isa = PBXBuildFile; fileRef = 1DCC5D2F1CBAF286003CF0ED /* bomb.png */; };
		1DCC5D321CBB60F4003CF0ED /* time.png in Resources */ = {isa = PBXBuildFile; fileRef = 1DCC5D311CBB60F4003CF0ED /* time.png */; };
		1DCC5D341CBB6283003CF0ED /* target.png in Resources */ = {isa = PBXBuildFile; fileRef = 1DCC5D331CBB6283003CF0ED /* target.png */; };
		1DD1010F1CA3420300D83A9A /* enemy.png in Resources */ = {isa = PBXBuildFile; fileRef = 1DD1010E1CA3420300D83A9A /* enemy.png */; };
		1DD101121CA3423B00D83A9A /* PNEnemyCollaborator.m in Sources */ = {isa = PBXBuildFile; fileRef = 1DD101111CA3423B00D83A9A /* PNEnemyCollaborator.m */; };
		1DD101161CA3439C00D83A9A /* PNEnemy.m in Sources */ = {isa = PBXBuildFile; fileRef = 1DD101151CA3439C00D83A9A /* PNEnemy.m */; };
		1DD555441CBCD10100DDB06D /* soundHitMinion.caf in Resources */ = {isa = PBXBuildFile; fileRef = 1DD555431CBCD10100DDB06D /* soundHitMinion.caf */; };
		1DD555461CBCD18300DDB06D /* hearth.png in Resources */ = {isa = PBXBuildFile; fileRef = 1DD555451CBCD18300DDB06D /* hearth.png */; };
		1DDD42581C7C3CDF004E65D3 /* PNGameViewController.xib in Resources */ = {isa = PBXBuildFile; fileRef = 1DDD42571C7C3CDF004E65D3 /* PNGameViewController.xib */; };
		1DEA36081C9B555100887DDC /* gameConfiguration.json in Resources */ = {isa = PBXBuildFile; fileRef = 1DEA36071C9B555100887DDC /* gameConfiguration.json */; };
		1DEA360A1C9BE22300887DDC /* player.png in Resources */ = {isa = PBXBuildFile; fileRef = 1DEA36091C9BE22300887DDC /* player.png */; };
		1DEA360C1C9BE83700887DDC /* key.png in Resources */ = {isa = PBXBuildFile; fileRef = 1DEA360B1C9BE83700887DDC /* key.png */; };
		1DEA360F1C9BE87700887DDC /* PNCollisionCollaborator.m in Sources */ = {isa = PBXBuildFile; fileRef = 1DEA360E1C9BE87700887DDC /* PNCollisionCollaborator.m */; };
		1DF68F651CAA43C70081B25D /* PNTile.m in Sources */ = {isa = PBXBuildFile; fileRef = 1DF68F641CAA43C70081B25D /* PNTile.m */; };
/* End PBXBuildFile section */

/* Begin PBXCopyFilesBuildPhase section */
		1D98C7D31C9AD71100161EB2 /* Embed Frameworks */ = {
			isa = PBXCopyFilesBuildPhase;
			buildActionMask = 2147483647;
			dstPath = "";
			dstSubfolderSpec = 10;
			files = (
				1D98C7D21C9AD71000161EB2 /* MXAudioManager.framework in Embed Frameworks */,
			);
			name = "Embed Frameworks";
			runOnlyForDeploymentPostprocessing = 0;
		};
/* End PBXCopyFilesBuildPhase section */

/* Begin PBXFileReference section */
		1D1F1C981C9A7EF60020570D /* coin.png */ = {isa = PBXFileReference; lastKnownFileType = image.png; name = coin.png; path = Resources/Images/coin.png; sourceTree = "<group>"; };
		1D1F1C9B1C9A80AA0020570D /* soundHitCoin.caf */ = {isa = PBXFileReference; lastKnownFileType = file; name = soundHitCoin.caf; path = Resources/Sounds/soundHitCoin.caf; sourceTree = "<group>"; };
		1D1F1C9E1C9A80FC0020570D /* PNPlayer.h */ = {isa = PBXFileReference; fileEncoding = 4; lastKnownFileType = sourcecode.c.h; name = PNPlayer.h; path = Sources/PNPlayer.h; sourceTree = "<group>"; };
		1D1F1C9F1C9A80FC0020570D /* PNPlayer.m */ = {isa = PBXFileReference; fileEncoding = 4; lastKnownFileType = sourcecode.c.objc; name = PNPlayer.m; path = Sources/PNPlayer.m; sourceTree = "<group>"; };
		1D36E0751C9147470043948F /* Joystix.ttf */ = {isa = PBXFileReference; lastKnownFileType = file; name = Joystix.ttf; path = Resources/Joystix.ttf; sourceTree = "<group>"; };
		1D36E0781C9147630043948F /* MXButton.h */ = {isa = PBXFileReference; fileEncoding = 4; lastKnownFileType = sourcecode.c.h; name = MXButton.h; path = Sources/MXToolBox/MXButton.h; sourceTree = "<group>"; };
		1D36E0791C9147630043948F /* MXButton.m */ = {isa = PBXFileReference; fileEncoding = 4; lastKnownFileType = sourcecode.c.objc; name = MXButton.m; path = Sources/MXToolBox/MXButton.m; sourceTree = "<group>"; };
		1D36E07A1C9147630043948F /* MXImageView.h */ = {isa = PBXFileReference; fileEncoding = 4; lastKnownFileType = sourcecode.c.h; name = MXImageView.h; path = Sources/MXToolBox/MXImageView.h; sourceTree = "<group>"; };
		1D36E07B1C9147630043948F /* MXImageView.m */ = {isa = PBXFileReference; fileEncoding = 4; lastKnownFileType = sourcecode.c.objc; name = MXImageView.m; path = Sources/MXToolBox/MXImageView.m; sourceTree = "<group>"; };
		1D36E07C1C9147630043948F /* MXLabel.h */ = {isa = PBXFileReference; fileEncoding = 4; lastKnownFileType = sourcecode.c.h; name = MXLabel.h; path = Sources/MXToolBox/MXLabel.h; sourceTree = "<group>"; };
		1D36E07D1C9147630043948F /* MXLabel.m */ = {isa = PBXFileReference; fileEncoding = 4; lastKnownFileType = sourcecode.c.objc; name = MXLabel.m; path = Sources/MXToolBox/MXLabel.m; sourceTree = "<group>"; };
		1D36E07E1C9147630043948F /* MXLocalizationManager.h */ = {isa = PBXFileReference; fileEncoding = 4; lastKnownFileType = sourcecode.c.h; name = MXLocalizationManager.h; path = Sources/MXToolBox/MXLocalizationManager.h; sourceTree = "<group>"; };
		1D36E07F1C9147630043948F /* MXLocalizationManager.m */ = {isa = PBXFileReference; fileEncoding = 4; lastKnownFileType = sourcecode.c.objc; name = MXLocalizationManager.m; path = Sources/MXToolBox/MXLocalizationManager.m; sourceTree = "<group>"; };
		1D36E0801C9147630043948F /* MXToolBox.h */ = {isa = PBXFileReference; fileEncoding = 4; lastKnownFileType = sourcecode.c.h; name = MXToolBox.h; path = Sources/MXToolBox/MXToolBox.h; sourceTree = "<group>"; };
		1D36E0811C9147630043948F /* MXUtils.h */ = {isa = PBXFileReference; fileEncoding = 4; lastKnownFileType = sourcecode.c.h; name = MXUtils.h; path = Sources/MXToolBox/MXUtils.h; sourceTree = "<group>"; };
		1D36E0821C9147630043948F /* MXUtils.m */ = {isa = PBXFileReference; fileEncoding = 4; lastKnownFileType = sourcecode.c.objc; name = MXUtils.m; path = Sources/MXToolBox/MXUtils.m; sourceTree = "<group>"; };
		1D36E0831C9147630043948F /* UIColor+MX.h */ = {isa = PBXFileReference; fileEncoding = 4; lastKnownFileType = sourcecode.c.h; name = "UIColor+MX.h"; path = "Sources/MXToolBox/UIColor+MX.h"; sourceTree = "<group>"; };
		1D36E0841C9147630043948F /* UIColor+MX.m */ = {isa = PBXFileReference; fileEncoding = 4; lastKnownFileType = sourcecode.c.objc; name = "UIColor+MX.m"; path = "Sources/MXToolBox/UIColor+MX.m"; sourceTree = "<group>"; };
		1D36E0851C9147630043948F /* UIImage+MX.h */ = {isa = PBXFileReference; fileEncoding = 4; lastKnownFileType = sourcecode.c.h; name = "UIImage+MX.h"; path = "Sources/MXToolBox/UIImage+MX.h"; sourceTree = "<group>"; };
		1D36E0861C9147630043948F /* UIImage+MX.m */ = {isa = PBXFileReference; fileEncoding = 4; lastKnownFileType = sourcecode.c.objc; name = "UIImage+MX.m"; path = "Sources/MXToolBox/UIImage+MX.m"; sourceTree = "<group>"; };
		1D36E0871C9147630043948F /* UIView+MX.h */ = {isa = PBXFileReference; fileEncoding = 4; lastKnownFileType = sourcecode.c.h; name = "UIView+MX.h"; path = "Sources/MXToolBox/UIView+MX.h"; sourceTree = "<group>"; };
		1D36E0881C9147630043948F /* UIView+MX.m */ = {isa = PBXFileReference; fileEncoding = 4; lastKnownFileType = sourcecode.c.objc; name = "UIView+MX.m"; path = "Sources/MXToolBox/UIView+MX.m"; sourceTree = "<group>"; };
		1D4702591CA581BC00EF2BBB /* soundGame.caf */ = {isa = PBXFileReference; lastKnownFileType = file; name = soundGame.caf; path = Resources/Sounds/soundGame.caf; sourceTree = "<group>"; };
		1D47025C1CA581BC00EF2BBB /* soundLevelChange.caf */ = {isa = PBXFileReference; lastKnownFileType = file; name = soundLevelChange.caf; path = Resources/Sounds/soundLevelChange.caf; sourceTree = "<group>"; };
		1D47025D1CA581BC00EF2BBB /* soundSelectItem.caf */ = {isa = PBXFileReference; lastKnownFileType = file; name = soundSelectItem.caf; path = Resources/Sounds/soundSelectItem.caf; sourceTree = "<group>"; };
		1D47025E1CA581BC00EF2BBB /* soundStartGame.caf */ = {isa = PBXFileReference; lastKnownFileType = file; name = soundStartGame.caf; path = Resources/Sounds/soundStartGame.caf; sourceTree = "<group>"; };
		1D47025F1CA581BC00EF2BBB /* soundHitBomb.caf */ = {isa = PBXFileReference; lastKnownFileType = file; name = soundHitBomb.caf; path = Resources/Sounds/soundHitBomb.caf; sourceTree = "<group>"; };
		1D4702601CA581BC00EF2BBB /* soundHitTimeBonus.caf */ = {isa = PBXFileReference; lastKnownFileType = file; name = soundHitTimeBonus.caf; path = Resources/Sounds/soundHitTimeBonus.caf; sourceTree = "<group>"; };
		1D4702611CA581BC00EF2BBB /* soundTimeOver.caf */ = {isa = PBXFileReference; lastKnownFileType = file; name = soundTimeOver.caf; path = Resources/Sounds/soundTimeOver.caf; sourceTree = "<group>"; };
		1D4702621CA581BC00EF2BBB /* soundHitWhirlwind.caf */ = {isa = PBXFileReference; lastKnownFileType = file; name = soundHitWhirlwind.caf; path = Resources/Sounds/soundHitWhirlwind.caf; sourceTree = "<group>"; };
		1D4702771CA5947D00EF2BBB /* enemy2.png */ = {isa = PBXFileReference; lastKnownFileType = image.png; name = enemy2.png; path = Resources/Images/enemy2.png; sourceTree = "<group>"; };
		1D4702791CA5A3A300EF2BBB /* minion.png */ = {isa = PBXFileReference; lastKnownFileType = image.png; name = minion.png; path = Resources/Images/minion.png; sourceTree = "<group>"; };
		1D492DF81CA5712700C515B5 /* en */ = {isa = PBXFileReference; lastKnownFileType = text.plist.strings; name = en; path = en.lproj/Localizable.strings; sourceTree = "<group>"; };
		1D492DFA1CA5715D00C515B5 /* es */ = {isa = PBXFileReference; lastKnownFileType = text.plist.strings; name = es; path = es.lproj/Localizable.strings; sourceTree = "<group>"; };
		1D492DFD1CA5723000C515B5 /* PNMenuViewController.h */ = {isa = PBXFileReference; fileEncoding = 4; lastKnownFileType = sourcecode.c.h; name = PNMenuViewController.h; path = Sources/PNMenuViewController.h; sourceTree = "<group>"; };
		1D492DFE1CA5723000C515B5 /* PNMenuViewController.m */ = {isa = PBXFileReference; fileEncoding = 4; lastKnownFileType = sourcecode.c.objc; name = PNMenuViewController.m; path = Sources/PNMenuViewController.m; sourceTree = "<group>"; };
		1D492DFF1CA5723000C515B5 /* PNMenuViewController.xib */ = {isa = PBXFileReference; fileEncoding = 4; lastKnownFileType = file.xib; name = PNMenuViewController.xib; path = Sources/PNMenuViewController.xib; sourceTree = "<group>"; };
		1D492E021CA5729B00C515B5 /* MXGameCenterManager.h */ = {isa = PBXFileReference; fileEncoding = 4; lastKnownFileType = sourcecode.c.h; name = MXGameCenterManager.h; path = Sources/MXToolBox/MXGameCenterManager.h; sourceTree = "<group>"; };
		1D492E031CA5729B00C515B5 /* MXGameCenterManager.m */ = {isa = PBXFileReference; fileEncoding = 4; lastKnownFileType = sourcecode.c.objc; name = MXGameCenterManager.m; path = Sources/MXToolBox/MXGameCenterManager.m; sourceTree = "<group>"; };
		1D58F75B1C8D4F65006365EE /* PNMazeGenerator.h */ = {isa = PBXFileReference; fileEncoding = 4; lastKnownFileType = sourcecode.c.h; name = PNMazeGenerator.h; path = Sources/PNMazeGenerator.h; sourceTree = "<group>"; };
		1D58F75C1C8D4F65006365EE /* PNMazeGenerator.m */ = {isa = PBXFileReference; fileEncoding = 4; lastKnownFileType = sourcecode.c.objc; name = PNMazeGenerator.m; path = Sources/PNMazeGenerator.m; sourceTree = "<group>"; };
		1D5CCF361CA6748700AE8AF5 /* GameKit.framework */ = {isa = PBXFileReference; lastKnownFileType = wrapper.framework; name = GameKit.framework; path = System/Library/Frameworks/GameKit.framework; sourceTree = SDKROOT; };
		1D676D931CA486B9004DD4FB /* soundGameOver.caf */ = {isa = PBXFileReference; lastKnownFileType = file; name = soundGameOver.caf; path = Resources/Sounds/soundGameOver.caf; sourceTree = "<group>"; };
		1D76702E1C7B5B050065F110 /* Psynaut.app */ = {isa = PBXFileReference; explicitFileType = wrapper.application; includeInIndex = 0; path = Psynaut.app; sourceTree = BUILT_PRODUCTS_DIR; };
		1D90C50C1CC0CCB000B256AE /* PNTile+AI.h */ = {isa = PBXFileReference; fileEncoding = 4; lastKnownFileType = sourcecode.c.h; name = "PNTile+AI.h"; path = "Sources/PNTile+AI.h"; sourceTree = "<group>"; };
		1D90C50D1CC0CCB000B256AE /* PNTile+AI.m */ = {isa = PBXFileReference; fileEncoding = 4; lastKnownFileType = sourcecode.c.objc; name = "PNTile+AI.m"; path = "Sources/PNTile+AI.m"; sourceTree = "<group>"; };
		1D97147E1C921C7F001894CA /* PNGameSession.h */ = {isa = PBXFileReference; fileEncoding = 4; lastKnownFileType = sourcecode.c.h; name = PNGameSession.h; path = Sources/PNGameSession.h; sourceTree = "<group>"; };
		1D97147F1C921C7F001894CA /* PNGameSession.m */ = {isa = PBXFileReference; fileEncoding = 4; lastKnownFileType = sourcecode.c.objc; name = PNGameSession.m; path = Sources/PNGameSession.m; sourceTree = "<group>"; };
		1D98C7CF1C9AD68900161EB2 /* MXAudioManager.framework */ = {isa = PBXFileReference; lastKnownFileType = wrapper.framework; name = MXAudioManager.framework; path = Carthage/Build/iOS/MXAudioManager.framework; sourceTree = "<group>"; };
		1D9C61241C993207002B258C /* 1024x1024.png */ = {isa = PBXFileReference; lastKnownFileType = image.png; name = 1024x1024.png; path = Resources/1024x1024.png; sourceTree = "<group>"; };
		1D9CB5791C9A1CAB002B52AD /* PNItem.h */ = {isa = PBXFileReference; fileEncoding = 4; lastKnownFileType = sourcecode.c.h; name = PNItem.h; path = Sources/PNItem.h; sourceTree = "<group>"; };
		1D9CB57A1C9A1CAB002B52AD /* PNItem.m */ = {isa = PBXFileReference; fileEncoding = 4; lastKnownFileType = sourcecode.c.objc; name = PNItem.m; path = Sources/PNItem.m; sourceTree = "<group>"; };
		1D9CB57C1C9A1CCE002B52AD /* PNAppDelegate.h */ = {isa = PBXFileReference; fileEncoding = 4; lastKnownFileType = sourcecode.c.h; name = PNAppDelegate.h; path = Sources/PNAppDelegate.h; sourceTree = "<group>"; };
		1D9CB57D1C9A1CCE002B52AD /* PNAppDelegate.m */ = {isa = PBXFileReference; fileEncoding = 4; lastKnownFileType = sourcecode.c.objc; name = PNAppDelegate.m; path = Sources/PNAppDelegate.m; sourceTree = "<group>"; };
		1D9CB57E1C9A1CCE002B52AD /* PNGameViewController.h */ = {isa = PBXFileReference; fileEncoding = 4; lastKnownFileType = sourcecode.c.h; name = PNGameViewController.h; path = Sources/PNGameViewController.h; sourceTree = "<group>"; };
		1D9CB57F1C9A1CCE002B52AD /* PNGameViewController.m */ = {isa = PBXFileReference; fileEncoding = 4; lastKnownFileType = sourcecode.c.objc; name = PNGameViewController.m; path = Sources/PNGameViewController.m; sourceTree = "<group>"; };
		1D9CB5821C9A1CF1002B52AD /* Info.plist */ = {isa = PBXFileReference; fileEncoding = 4; lastKnownFileType = text.plist.xml; name = Info.plist; path = Resources/Info.plist; sourceTree = "<group>"; };
		1D9CB5841C9A1D20002B52AD /* Assets.xcassets */ = {isa = PBXFileReference; lastKnownFileType = folder.assetcatalog; name = Assets.xcassets; path = Resources/Assets.xcassets; sourceTree = "<group>"; };
		1D9CB5881C9A1D30002B52AD /* wall.png */ = {isa = PBXFileReference; lastKnownFileType = image.png; name = wall.png; path = Resources/Images/wall.png; sourceTree = "<group>"; };
		1D9CB58E1C9A1D3F002B52AD /* LaunchScreen.storyboard */ = {isa = PBXFileReference; fileEncoding = 4; lastKnownFileType = file.storyboard; name = LaunchScreen.storyboard; path = Resources/LaunchScreen.storyboard; sourceTree = "<group>"; };
		1DAA90F61CB81957004D5A70 /* UIImageView+MX.h */ = {isa = PBXFileReference; fileEncoding = 4; lastKnownFileType = sourcecode.c.h; name = "UIImageView+MX.h"; path = "Sources/MXToolBox/UIImageView+MX.h"; sourceTree = "<group>"; };
		1DAA90F71CB81957004D5A70 /* UIImageView+MX.m */ = {isa = PBXFileReference; fileEncoding = 4; lastKnownFileType = sourcecode.c.objc; name = "UIImageView+MX.m"; path = "Sources/MXToolBox/UIImageView+MX.m"; sourceTree = "<group>"; };
		1DCC5D2B1CBADDCF003CF0ED /* door.png */ = {isa = PBXFileReference; lastKnownFileType = image.png; name = door.png; path = Resources/Images/door.png; sourceTree = "<group>"; };
		1DCC5D2D1CBAEEE4003CF0ED /* whirlwind.png */ = {isa = PBXFileReference; lastKnownFileType = image.png; name = whirlwind.png; path = Resources/Images/whirlwind.png; sourceTree = "<group>"; };
		1DCC5D2F1CBAF286003CF0ED /* bomb.png */ = {isa = PBXFileReference; lastKnownFileType = image.png; name = bomb.png; path = Resources/Images/bomb.png; sourceTree = "<group>"; };
		1DCC5D311CBB60F4003CF0ED /* time.png */ = {isa = PBXFileReference; lastKnownFileType = image.png; name = time.png; path = Resources/Images/time.png; sourceTree = "<group>"; };
		1DCC5D331CBB6283003CF0ED /* target.png */ = {isa = PBXFileReference; lastKnownFileType = image.png; name = target.png; path = Resources/Images/target.png; sourceTree = "<group>"; };
		1DD1010E1CA3420300D83A9A /* enemy.png */ = {isa = PBXFileReference; lastKnownFileType = image.png; name = enemy.png; path = Resources/Images/enemy.png; sourceTree = "<group>"; };
		1DD101101CA3423B00D83A9A /* PNEnemyCollaborator.h */ = {isa = PBXFileReference; fileEncoding = 4; lastKnownFileType = sourcecode.c.h; name = PNEnemyCollaborator.h; path = Sources/PNEnemyCollaborator.h; sourceTree = "<group>"; };
		1DD101111CA3423B00D83A9A /* PNEnemyCollaborator.m */ = {isa = PBXFileReference; fileEncoding = 4; lastKnownFileType = sourcecode.c.objc; name = PNEnemyCollaborator.m; path = Sources/PNEnemyCollaborator.m; sourceTree = "<group>"; };
		1DD101141CA3439C00D83A9A /* PNEnemy.h */ = {isa = PBXFileReference; fileEncoding = 4; lastKnownFileType = sourcecode.c.h; name = PNEnemy.h; path = Sources/PNEnemy.h; sourceTree = "<group>"; };
		1DD101151CA3439C00D83A9A /* PNEnemy.m */ = {isa = PBXFileReference; fileEncoding = 4; lastKnownFileType = sourcecode.c.objc; name = PNEnemy.m; path = Sources/PNEnemy.m; sourceTree = "<group>"; };
		1DD555431CBCD10100DDB06D /* soundHitMinion.caf */ = {isa = PBXFileReference; lastKnownFileType = file; name = soundHitMinion.caf; path = Resources/Sounds/soundHitMinion.caf; sourceTree = "<group>"; };
		1DD555451CBCD18300DDB06D /* hearth.png */ = {isa = PBXFileReference; lastKnownFileType = image.png; name = hearth.png; path = Resources/Images/hearth.png; sourceTree = "<group>"; };
		1DDD42571C7C3CDF004E65D3 /* PNGameViewController.xib */ = {isa = PBXFileReference; fileEncoding = 4; lastKnownFileType = file.xib; name = PNGameViewController.xib; path = Sources/PNGameViewController.xib; sourceTree = "<group>"; };
		1DEA36031C9B543400887DDC /* PNConstants.h */ = {isa = PBXFileReference; fileEncoding = 4; lastKnownFileType = sourcecode.c.h; name = PNConstants.h; path = Sources/PNConstants.h; sourceTree = "<group>"; };
		1DEA36061C9B550B00887DDC /* PNMacros.h */ = {isa = PBXFileReference; lastKnownFileType = sourcecode.c.h; name = PNMacros.h; path = Sources/PNMacros.h; sourceTree = "<group>"; };
		1DEA36071C9B555100887DDC /* gameConfiguration.json */ = {isa = PBXFileReference; fileEncoding = 4; lastKnownFileType = text.json; name = gameConfiguration.json; path = Resources/gameConfiguration.json; sourceTree = "<group>"; };
		1DEA36091C9BE22300887DDC /* player.png */ = {isa = PBXFileReference; lastKnownFileType = image.png; name = player.png; path = Resources/Images/player.png; sourceTree = "<group>"; };
		1DEA360B1C9BE83700887DDC /* key.png */ = {isa = PBXFileReference; lastKnownFileType = image.png; name = key.png; path = Resources/Images/key.png; sourceTree = "<group>"; };
		1DEA360D1C9BE87700887DDC /* PNCollisionCollaborator.h */ = {isa = PBXFileReference; fileEncoding = 4; lastKnownFileType = sourcecode.c.h; name = PNCollisionCollaborator.h; path = Sources/PNCollisionCollaborator.h; sourceTree = "<group>"; };
		1DEA360E1C9BE87700887DDC /* PNCollisionCollaborator.m */ = {isa = PBXFileReference; fileEncoding = 4; lastKnownFileType = sourcecode.c.objc; name = PNCollisionCollaborator.m; path = Sources/PNCollisionCollaborator.m; sourceTree = "<group>"; };
		1DF68F631CAA43C70081B25D /* PNTile.h */ = {isa = PBXFileReference; fileEncoding = 4; lastKnownFileType = sourcecode.c.h; name = PNTile.h; path = Sources/PNTile.h; sourceTree = "<group>"; };
		1DF68F641CAA43C70081B25D /* PNTile.m */ = {isa = PBXFileReference; fileEncoding = 4; lastKnownFileType = sourcecode.c.objc; name = PNTile.m; path = Sources/PNTile.m; sourceTree = "<group>"; };
/* End PBXFileReference section */

/* Begin PBXFrameworksBuildPhase section */
		1D76702B1C7B5B050065F110 /* Frameworks */ = {
			isa = PBXFrameworksBuildPhase;
			buildActionMask = 2147483647;
			files = (
				1D98C7D11C9AD71000161EB2 /* MXAudioManager.framework in Frameworks */,
				1D5CCF371CA6748700AE8AF5 /* GameKit.framework in Frameworks */,
			);
			runOnlyForDeploymentPostprocessing = 0;
		};
/* End PBXFrameworksBuildPhase section */

/* Begin PBXGroup section */
		1D1F1C9A1C9A809F0020570D /* Sounds */ = {
			isa = PBXGroup;
			children = (
				1D1F1C9B1C9A80AA0020570D /* soundHitCoin.caf */,
				1D4702621CA581BC00EF2BBB /* soundHitWhirlwind.caf */,
				1D47025F1CA581BC00EF2BBB /* soundHitBomb.caf */,
				1DD555431CBCD10100DDB06D /* soundHitMinion.caf */,
				1D4702601CA581BC00EF2BBB /* soundHitTimeBonus.caf */,
				1D47025E1CA581BC00EF2BBB /* soundStartGame.caf */,
				1D4702591CA581BC00EF2BBB /* soundGame.caf */,
				1D47025D1CA581BC00EF2BBB /* soundSelectItem.caf */,
				1D4702611CA581BC00EF2BBB /* soundTimeOver.caf */,
				1D676D931CA486B9004DD4FB /* soundGameOver.caf */,
				1D47025C1CA581BC00EF2BBB /* soundLevelChange.caf */,
			);
			name = Sounds;
			sourceTree = "<group>";
		};
		1D36E0741C91473A0043948F /* Fonts */ = {
			isa = PBXGroup;
			children = (
				1D36E0751C9147470043948F /* Joystix.ttf */,
			);
			name = Fonts;
			sourceTree = "<group>";
		};
		1D36E0771C9147500043948F /* MXToolBox */ = {
			isa = PBXGroup;
			children = (
				1D36E0801C9147630043948F /* MXToolBox.h */,
				1D36E07C1C9147630043948F /* MXLabel.h */,
				1D36E07D1C9147630043948F /* MXLabel.m */,
				1D36E0781C9147630043948F /* MXButton.h */,
				1D36E0791C9147630043948F /* MXButton.m */,
				1D36E07A1C9147630043948F /* MXImageView.h */,
				1D36E07B1C9147630043948F /* MXImageView.m */,
				1D36E0811C9147630043948F /* MXUtils.h */,
				1D36E0821C9147630043948F /* MXUtils.m */,
				1D36E07E1C9147630043948F /* MXLocalizationManager.h */,
				1D36E07F1C9147630043948F /* MXLocalizationManager.m */,
				1D492E021CA5729B00C515B5 /* MXGameCenterManager.h */,
				1D492E031CA5729B00C515B5 /* MXGameCenterManager.m */,
				1D36E0831C9147630043948F /* UIColor+MX.h */,
				1D36E0841C9147630043948F /* UIColor+MX.m */,
				1D36E0851C9147630043948F /* UIImage+MX.h */,
				1D36E0861C9147630043948F /* UIImage+MX.m */,
				1D36E0871C9147630043948F /* UIView+MX.h */,
				1D36E0881C9147630043948F /* UIView+MX.m */,
				1DAA90F61CB81957004D5A70 /* UIImageView+MX.h */,
				1DAA90F71CB81957004D5A70 /* UIImageView+MX.m */,
			);
			name = MXToolBox;
			sourceTree = "<group>";
		};
		1D492DFB1CA5718800C515B5 /* Game */ = {
			isa = PBXGroup;
			children = (
				1D9CB57E1C9A1CCE002B52AD /* PNGameViewController.h */,
				1D9CB57F1C9A1CCE002B52AD /* PNGameViewController.m */,
				1DDD42571C7C3CDF004E65D3 /* PNGameViewController.xib */,
			);
			name = Game;
			sourceTree = "<group>";
		};
		1D492DFC1CA5719400C515B5 /* Menu */ = {
			isa = PBXGroup;
			children = (
				1D492DFD1CA5723000C515B5 /* PNMenuViewController.h */,
				1D492DFE1CA5723000C515B5 /* PNMenuViewController.m */,
				1D492DFF1CA5723000C515B5 /* PNMenuViewController.xib */,
			);
			name = Menu;
			sourceTree = "<group>";
		};
		1D58F75A1C8D4F57006365EE /* Maze */ = {
			isa = PBXGroup;
			children = (
				1D58F75B1C8D4F65006365EE /* PNMazeGenerator.h */,
				1D58F75C1C8D4F65006365EE /* PNMazeGenerator.m */,
			);
			name = Maze;
			sourceTree = "<group>";
		};
		1D7670251C7B5B050065F110 = {
			isa = PBXGroup;
			children = (
				1D7670301C7B5B050065F110 /* Psynaut */,
				1D98C7CE1C9AD67A00161EB2 /* Frameworks */,
				1D7670311C7B5B050065F110 /* Resources */,
				1D76702F1C7B5B050065F110 /* Products */,
			);
			sourceTree = "<group>";
		};
		1D76702F1C7B5B050065F110 /* Products */ = {
			isa = PBXGroup;
			children = (
				1D76702E1C7B5B050065F110 /* Psynaut.app */,
			);
			name = Products;
			sourceTree = "<group>";
		};
		1D7670301C7B5B050065F110 /* Psynaut */ = {
			isa = PBXGroup;
			children = (
				1D76704B1C7B5C3A0065F110 /* Sources */,
			);
			name = Psynaut;
			path = PsyNaut;
			sourceTree = "<group>";
		};
		1D7670311C7B5B050065F110 /* Resources */ = {
			isa = PBXGroup;
			children = (
				1D9CB5821C9A1CF1002B52AD /* Info.plist */,
				1D9CB5841C9A1D20002B52AD /* Assets.xcassets */,
				1D9CB58E1C9A1D3F002B52AD /* LaunchScreen.storyboard */,
				1DEA36071C9B555100887DDC /* gameConfiguration.json */,
				1D492DF91CA5712700C515B5 /* Localizable.strings */,
				1D36E0741C91473A0043948F /* Fonts */,
				1D1F1C9A1C9A809F0020570D /* Sounds */,
				1D7670511C7B5E0E0065F110 /* Images */,
			);
			name = Resources;
			path = PsyNaut;
			sourceTree = "<group>";
		};
		1D76704A1C7B5C2A0065F110 /* Gameplay */ = {
			isa = PBXGroup;
			children = (
				1D97147D1C921C05001894CA /* GameSession */,
				1D58F75A1C8D4F57006365EE /* Maze */,
				1DF68F661CAA460E0081B25D /* Tile */,
				1D90C50B1CC0CC4300B256AE /* AI */,
			);
			name = Gameplay;
			sourceTree = "<group>";
		};
		1D76704B1C7B5C3A0065F110 /* Sources */ = {
			isa = PBXGroup;
			children = (
				1D36E0771C9147500043948F /* MXToolBox */,
				1D76704A1C7B5C2A0065F110 /* Gameplay */,
				1D76704D1C7B5C590065F110 /* Gui */,
				1D76704E1C7B5C620065F110 /* Main */,
			);
			name = Sources;
			sourceTree = "<group>";
		};
		1D76704D1C7B5C590065F110 /* Gui */ = {
			isa = PBXGroup;
			children = (
				1D492DFC1CA5719400C515B5 /* Menu */,
				1D492DFB1CA5718800C515B5 /* Game */,
			);
			name = Gui;
			sourceTree = "<group>";
		};
		1D76704E1C7B5C620065F110 /* Main */ = {
			isa = PBXGroup;
			children = (
				1DEA36061C9B550B00887DDC /* PNMacros.h */,
				1DEA36031C9B543400887DDC /* PNConstants.h */,
				1D9CB57C1C9A1CCE002B52AD /* PNAppDelegate.h */,
				1D9CB57D1C9A1CCE002B52AD /* PNAppDelegate.m */,
			);
			name = Main;
			sourceTree = "<group>";
		};
		1D7670511C7B5E0E0065F110 /* Images */ = {
			isa = PBXGroup;
			children = (
				1D9C61241C993207002B258C /* 1024x1024.png */,
				1DEA36091C9BE22300887DDC /* player.png */,
				1DCC5D331CBB6283003CF0ED /* target.png */,
				1D4702791CA5A3A300EF2BBB /* minion.png */,
				1DD1010E1CA3420300D83A9A /* enemy.png */,
				1D4702771CA5947D00EF2BBB /* enemy2.png */,
				1D1F1C981C9A7EF60020570D /* coin.png */,
				1DEA360B1C9BE83700887DDC /* key.png */,
				1D9CB5881C9A1D30002B52AD /* wall.png */,
				1DCC5D2B1CBADDCF003CF0ED /* door.png */,
				1DCC5D2D1CBAEEE4003CF0ED /* whirlwind.png */,
				1DCC5D2F1CBAF286003CF0ED /* bomb.png */,
				1DCC5D311CBB60F4003CF0ED /* time.png */,
				1DD555451CBCD18300DDB06D /* hearth.png */,
			);
			name = Images;
			sourceTree = "<group>";
		};
		1D90C50B1CC0CC4300B256AE /* AI */ = {
			isa = PBXGroup;
			children = (
				1D90C50C1CC0CCB000B256AE /* PNTile+AI.h */,
				1D90C50D1CC0CCB000B256AE /* PNTile+AI.m */,
			);
			name = AI;
			sourceTree = "<group>";
		};
		1D97147D1C921C05001894CA /* GameSession */ = {
			isa = PBXGroup;
			children = (
				1D97147E1C921C7F001894CA /* PNGameSession.h */,
				1D97147F1C921C7F001894CA /* PNGameSession.m */,
				1DEA360D1C9BE87700887DDC /* PNCollisionCollaborator.h */,
				1DEA360E1C9BE87700887DDC /* PNCollisionCollaborator.m */,
				1DD101101CA3423B00D83A9A /* PNEnemyCollaborator.h */,
				1DD101111CA3423B00D83A9A /* PNEnemyCollaborator.m */,
			);
			name = GameSession;
			sourceTree = "<group>";
		};
		1D98C7CE1C9AD67A00161EB2 /* Frameworks */ = {
			isa = PBXGroup;
			children = (
				1D5CCF361CA6748700AE8AF5 /* GameKit.framework */,
				1D98C7CF1C9AD68900161EB2 /* MXAudioManager.framework */,
			);
			name = Frameworks;
			sourceTree = "<group>";
		};
		1DF68F661CAA460E0081B25D /* Tile */ = {
			isa = PBXGroup;
			children = (
				1DF68F631CAA43C70081B25D /* PNTile.h */,
				1DF68F641CAA43C70081B25D /* PNTile.m */,
				1D1F1C9E1C9A80FC0020570D /* PNPlayer.h */,
				1D1F1C9F1C9A80FC0020570D /* PNPlayer.m */,
				1DD101141CA3439C00D83A9A /* PNEnemy.h */,
				1DD101151CA3439C00D83A9A /* PNEnemy.m */,
				1D9CB5791C9A1CAB002B52AD /* PNItem.h */,
				1D9CB57A1C9A1CAB002B52AD /* PNItem.m */,
			);
			name = Tile;
			sourceTree = "<group>";
		};
/* End PBXGroup section */

/* Begin PBXNativeTarget section */
		1D76702D1C7B5B050065F110 /* Psynaut */ = {
			isa = PBXNativeTarget;
			buildConfigurationList = 1D7670471C7B5B050065F110 /* Build configuration list for PBXNativeTarget "Psynaut" */;
			buildPhases = (
				1D76702A1C7B5B050065F110 /* Sources */,
				1D76702B1C7B5B050065F110 /* Frameworks */,
				1D76702C1C7B5B050065F110 /* Resources */,
				1D98C7D31C9AD71100161EB2 /* Embed Frameworks */,
			);
			buildRules = (
			);
			dependencies = (
			);
			name = Psynaut;
			productName = PsyNaut;
			productReference = 1D76702E1C7B5B050065F110 /* Psynaut.app */;
			productType = "com.apple.product-type.application";
		};
/* End PBXNativeTarget section */

/* Begin PBXProject section */
		1D7670261C7B5B050065F110 /* Project object */ = {
			isa = PBXProject;
			attributes = {
				CLASSPREFIX = PN;
				LastUpgradeCheck = 0720;
				ORGANIZATIONNAME = mugx;
				TargetAttributes = {
					1D76702D1C7B5B050065F110 = {
						CreatedOnToolsVersion = 7.2.1;
						DevelopmentTeam = 8XE9QV2E26;
						SystemCapabilities = {
							com.apple.GameCenter = {
								enabled = 1;
							};
						};
					};
				};
			};
			buildConfigurationList = 1D7670291C7B5B050065F110 /* Build configuration list for PBXProject "Psynaut" */;
			compatibilityVersion = "Xcode 3.2";
			developmentRegion = English;
			hasScannedForEncodings = 0;
			knownRegions = (
				en,
				es,
			);
			mainGroup = 1D7670251C7B5B050065F110;
			productRefGroup = 1D76702F1C7B5B050065F110 /* Products */;
			projectDirPath = "";
			projectRoot = "";
			targets = (
				1D76702D1C7B5B050065F110 /* Psynaut */,
			);
		};
/* End PBXProject section */

/* Begin PBXResourcesBuildPhase section */
		1D76702C1C7B5B050065F110 /* Resources */ = {
			isa = PBXResourcesBuildPhase;
			buildActionMask = 2147483647;
			files = (
				1DCC5D2E1CBAEEE4003CF0ED /* whirlwind.png in Resources */,
				1D9CB58F1C9A1D3F002B52AD /* LaunchScreen.storyboard in Resources */,
				1D9CB58C1C9A1D30002B52AD /* wall.png in Resources */,
				1D4702701CA581C900EF2BBB /* soundStartGame.caf in Resources */,
				1DCC5D341CBB6283003CF0ED /* target.png in Resources */,
				1DEA360C1C9BE83700887DDC /* key.png in Resources */,
				1DCC5D301CBAF286003CF0ED /* bomb.png in Resources */,
				1DDD42581C7C3CDF004E65D3 /* PNGameViewController.xib in Resources */,
				1D47027A1CA5A3A300EF2BBB /* minion.png in Resources */,
				1DEA36081C9B555100887DDC /* gameConfiguration.json in Resources */,
				1D4702741CA581C900EF2BBB /* soundHitWhirlwind.caf in Resources */,
				1DEA360A1C9BE22300887DDC /* player.png in Resources */,
				1D47026D1CA581C900EF2BBB /* soundGame.caf in Resources */,
				1D47026E1CA581C900EF2BBB /* soundLevelChange.caf in Resources */,
				1D492DF71CA5712700C515B5 /* Localizable.strings in Resources */,
				1D339D7B1C9C4F43005124AE /* 1024x1024.png in Resources */,
				1D1F1C991C9A7EF60020570D /* coin.png in Resources */,
				1D4702721CA581C900EF2BBB /* soundHitTimeBonus.caf in Resources */,
				1D47026F1CA581C900EF2BBB /* soundSelectItem.caf in Resources */,
				1D492E011CA5723000C515B5 /* PNMenuViewController.xib in Resources */,
				1D9CB5851C9A1D20002B52AD /* Assets.xcassets in Resources */,
				1D36E0761C9147470043948F /* Joystix.ttf in Resources */,
				1DD555441CBCD10100DDB06D /* soundHitMinion.caf in Resources */,
				1DCC5D2C1CBADDCF003CF0ED /* door.png in Resources */,
				1D4702761CA581C900EF2BBB /* soundGameOver.caf in Resources */,
				1DD555461CBCD18300DDB06D /* hearth.png in Resources */,
				1D4702731CA581C900EF2BBB /* soundTimeOver.caf in Resources */,
				1D4702781CA5947D00EF2BBB /* enemy2.png in Resources */,
				1DCC5D321CBB60F4003CF0ED /* time.png in Resources */,
				1D4702711CA581C900EF2BBB /* soundHitBomb.caf in Resources */,
				1DD1010F1CA3420300D83A9A /* enemy.png in Resources */,
				1D4702751CA581C900EF2BBB /* soundHitCoin.caf in Resources */,
			);
			runOnlyForDeploymentPostprocessing = 0;
		};
/* End PBXResourcesBuildPhase section */

/* Begin PBXSourcesBuildPhase section */
		1D76702A1C7B5B050065F110 /* Sources */ = {
			isa = PBXSourcesBuildPhase;
			buildActionMask = 2147483647;
			files = (
				1DD101121CA3423B00D83A9A /* PNEnemyCollaborator.m in Sources */,
				1D58F75D1C8D4F65006365EE /* PNMazeGenerator.m in Sources */,
				1D36E08C1C9147630043948F /* MXLocalizationManager.m in Sources */,
				1D36E0891C9147630043948F /* MXButton.m in Sources */,
				1D36E08B1C9147630043948F /* MXLabel.m in Sources */,
				1D36E0901C9147630043948F /* UIView+MX.m in Sources */,
				1D9CB57B1C9A1CAB002B52AD /* PNItem.m in Sources */,
				1DF68F651CAA43C70081B25D /* PNTile.m in Sources */,
				1D9CB5811C9A1CCE002B52AD /* PNGameViewController.m in Sources */,
				1D492E041CA5729B00C515B5 /* MXGameCenterManager.m in Sources */,
				1D36E08D1C9147630043948F /* MXUtils.m in Sources */,
				1D36E08E1C9147630043948F /* UIColor+MX.m in Sources */,
				1DEA360F1C9BE87700887DDC /* PNCollisionCollaborator.m in Sources */,
				1D492E001CA5723000C515B5 /* PNMenuViewController.m in Sources */,
				1DAA90F81CB81957004D5A70 /* UIImageView+MX.m in Sources */,
				1D90C50E1CC0CCB000B256AE /* PNTile+AI.m in Sources */,
				1D9CB5801C9A1CCE002B52AD /* PNAppDelegate.m in Sources */,
				1DD101161CA3439C00D83A9A /* PNEnemy.m in Sources */,
				1D1F1CA01C9A80FC0020570D /* PNPlayer.m in Sources */,
				1D36E08F1C9147630043948F /* UIImage+MX.m in Sources */,
				1D36E08A1C9147630043948F /* MXImageView.m in Sources */,
				1D9714801C921C7F001894CA /* PNGameSession.m in Sources */,
			);
			runOnlyForDeploymentPostprocessing = 0;
		};
/* End PBXSourcesBuildPhase section */

/* Begin PBXVariantGroup section */
		1D492DF91CA5712700C515B5 /* Localizable.strings */ = {
			isa = PBXVariantGroup;
			children = (
				1D492DF81CA5712700C515B5 /* en */,
				1D492DFA1CA5715D00C515B5 /* es */,
			);
			name = Localizable.strings;
			path = Resources;
			sourceTree = "<group>";
		};
/* End PBXVariantGroup section */

/* Begin XCBuildConfiguration section */
		1D7670451C7B5B050065F110 /* Debug */ = {
			isa = XCBuildConfiguration;
			buildSettings = {
				ALWAYS_SEARCH_USER_PATHS = NO;
				CLANG_CXX_LANGUAGE_STANDARD = "gnu++0x";
				CLANG_CXX_LIBRARY = "libc++";
				CLANG_ENABLE_MODULES = YES;
				CLANG_ENABLE_OBJC_ARC = YES;
				CLANG_WARN_BOOL_CONVERSION = YES;
				CLANG_WARN_CONSTANT_CONVERSION = YES;
				CLANG_WARN_DIRECT_OBJC_ISA_USAGE = YES_ERROR;
				CLANG_WARN_EMPTY_BODY = YES;
				CLANG_WARN_ENUM_CONVERSION = YES;
				CLANG_WARN_INT_CONVERSION = YES;
				CLANG_WARN_OBJC_ROOT_CLASS = YES_ERROR;
				CLANG_WARN_UNREACHABLE_CODE = YES;
				CLANG_WARN__DUPLICATE_METHOD_MATCH = YES;
				"CODE_SIGN_IDENTITY[sdk=iphoneos*]" = "iPhone Developer";
				COPY_PHASE_STRIP = NO;
				DEBUG_INFORMATION_FORMAT = "dwarf-with-dsym";
				ENABLE_STRICT_OBJC_MSGSEND = YES;
				ENABLE_TESTABILITY = YES;
				GCC_C_LANGUAGE_STANDARD = gnu99;
				GCC_DYNAMIC_NO_PIC = NO;
				GCC_NO_COMMON_BLOCKS = YES;
				GCC_OPTIMIZATION_LEVEL = 0;
				GCC_PREPROCESSOR_DEFINITIONS = (
					"DEBUG=1",
					"$(inherited)",
				);
				GCC_WARN_64_TO_32_BIT_CONVERSION = YES;
				GCC_WARN_ABOUT_RETURN_TYPE = YES_ERROR;
				GCC_WARN_UNDECLARED_SELECTOR = YES;
				GCC_WARN_UNINITIALIZED_AUTOS = YES_AGGRESSIVE;
				GCC_WARN_UNUSED_FUNCTION = YES;
				GCC_WARN_UNUSED_VARIABLE = YES;
				IPHONEOS_DEPLOYMENT_TARGET = 9.2;
				MTL_ENABLE_DEBUG_INFO = YES;
				ONLY_ACTIVE_ARCH = YES;
				SDKROOT = iphoneos;
				TARGETED_DEVICE_FAMILY = "1,2";
			};
			name = Debug;
		};
		1D7670461C7B5B050065F110 /* Release */ = {
			isa = XCBuildConfiguration;
			buildSettings = {
				ALWAYS_SEARCH_USER_PATHS = NO;
				CLANG_CXX_LANGUAGE_STANDARD = "gnu++0x";
				CLANG_CXX_LIBRARY = "libc++";
				CLANG_ENABLE_MODULES = YES;
				CLANG_ENABLE_OBJC_ARC = YES;
				CLANG_WARN_BOOL_CONVERSION = YES;
				CLANG_WARN_CONSTANT_CONVERSION = YES;
				CLANG_WARN_DIRECT_OBJC_ISA_USAGE = YES_ERROR;
				CLANG_WARN_EMPTY_BODY = YES;
				CLANG_WARN_ENUM_CONVERSION = YES;
				CLANG_WARN_INT_CONVERSION = YES;
				CLANG_WARN_OBJC_ROOT_CLASS = YES_ERROR;
				CLANG_WARN_UNREACHABLE_CODE = YES;
				CLANG_WARN__DUPLICATE_METHOD_MATCH = YES;
				"CODE_SIGN_IDENTITY[sdk=iphoneos*]" = "iPhone Developer";
				COPY_PHASE_STRIP = NO;
				DEBUG_INFORMATION_FORMAT = "dwarf-with-dsym";
				ENABLE_NS_ASSERTIONS = NO;
				ENABLE_STRICT_OBJC_MSGSEND = YES;
				GCC_C_LANGUAGE_STANDARD = gnu99;
				GCC_NO_COMMON_BLOCKS = YES;
				GCC_WARN_64_TO_32_BIT_CONVERSION = YES;
				GCC_WARN_ABOUT_RETURN_TYPE = YES_ERROR;
				GCC_WARN_UNDECLARED_SELECTOR = YES;
				GCC_WARN_UNINITIALIZED_AUTOS = YES_AGGRESSIVE;
				GCC_WARN_UNUSED_FUNCTION = YES;
				GCC_WARN_UNUSED_VARIABLE = YES;
				IPHONEOS_DEPLOYMENT_TARGET = 9.2;
				MTL_ENABLE_DEBUG_INFO = NO;
				SDKROOT = iphoneos;
				TARGETED_DEVICE_FAMILY = "1,2";
				VALIDATE_PRODUCT = YES;
			};
			name = Release;
		};
		1D7670481C7B5B050065F110 /* Debug */ = {
			isa = XCBuildConfiguration;
			buildSettings = {
				ASSETCATALOG_COMPILER_APPICON_NAME = AppIcon;
				FRAMEWORK_SEARCH_PATHS = (
					"$(inherited)",
					"$(PROJECT_DIR)/Carthage/Build/iOS",
				);
				INFOPLIST_FILE = "$(SRCROOT)/PsyNaut/Resources/Info.plist";
				IPHONEOS_DEPLOYMENT_TARGET = 8.0;
				LD_RUNPATH_SEARCH_PATHS = "$(inherited) @executable_path/Frameworks";
				PRODUCT_BUNDLE_IDENTIFIER = mugx.Psynaut;
				PRODUCT_NAME = Psynaut;
			};
			name = Debug;
		};
		1D7670491C7B5B050065F110 /* Release */ = {
			isa = XCBuildConfiguration;
			buildSettings = {
				ASSETCATALOG_COMPILER_APPICON_NAME = AppIcon;
				FRAMEWORK_SEARCH_PATHS = (
					"$(inherited)",
					"$(PROJECT_DIR)/Carthage/Build/iOS",
				);
				GCC_PREPROCESSOR_DEFINITIONS = "DEBUG=0";
				INFOPLIST_FILE = "$(SRCROOT)/PsyNaut/Resources/Info.plist";
				IPHONEOS_DEPLOYMENT_TARGET = 8.0;
				LD_RUNPATH_SEARCH_PATHS = "$(inherited) @executable_path/Frameworks";
				PRODUCT_BUNDLE_IDENTIFIER = mugx.Psynaut;
				PRODUCT_NAME = Psynaut;
			};
			name = Release;
		};
/* End XCBuildConfiguration section */

/* Begin XCConfigurationList section */
		1D7670291C7B5B050065F110 /* Build configuration list for PBXProject "Psynaut" */ = {
			isa = XCConfigurationList;
			buildConfigurations = (
				1D7670451C7B5B050065F110 /* Debug */,
				1D7670461C7B5B050065F110 /* Release */,
			);
			defaultConfigurationIsVisible = 0;
			defaultConfigurationName = Release;
		};
		1D7670471C7B5B050065F110 /* Build configuration list for PBXNativeTarget "Psynaut" */ = {
			isa = XCConfigurationList;
			buildConfigurations = (
				1D7670481C7B5B050065F110 /* Debug */,
				1D7670491C7B5B050065F110 /* Release */,
			);
			defaultConfigurationIsVisible = 0;
			defaultConfigurationName = Release;
		};
/* End XCConfigurationList section */
	};
	rootObject = 1D7670261C7B5B050065F110 /* Project object */;
}
